
Microsoft Visual Studio Solution File, Format Version 12.00
# Visual Studio 15
VisualStudioVersion = 15.0.27130.2036
MinimumVisualStudioVersion = 10.0.40219.1
Project("{FAE04EC0-301F-11D3-BF4B-00C04F79EFBC}") = "Emlak Uygulaması", "Emlak Uygulaması\Emlak Uygulaması.csproj", "{0D804C45-7B2F-40A6-8C79-537AA5429274}"
EndProject
Global
	GlobalSection(SolutionConfigurationPlatforms) = preSolution
		Debug|Any CPU = Debug|Any CPU
		Release|Any CPU = Release|Any CPU
	EndGlobalSection
	GlobalSection(ProjectConfigurationPlatforms) = postSolution
		{0D804C45-7B2F-40A6-8C79-537AA5429274}.Debug|Any CPU.ActiveCfg = Debug|Any CPU
		{0D804C45-7B2F-40A6-8C79-537AA5429274}.Debug|Any CPU.Build.0 = Debug|Any CPU
		{0D804C45-7B2F-40A6-8C79-537AA5429274}.Release|Any CPU.ActiveCfg = Release|Any CPU
		{0D804C45-7B2F-40A6-8C79-537AA5429274}.Release|Any CPU.Build.0 = Release|Any CPU
	EndGlobalSection
	GlobalSection(SolutionProperties) = preSolution
		HideSolutionNode = FALSE
	EndGlobalSection
	GlobalSection(ExtensibilityGlobals) = postSolution
		SolutionGuid = {171EADFA-C354-4FC8-AE53-AFF9753AE227}
	EndGlobalSection
EndGlobal
